// !$*UTF8*$!
{
	archiveVersion = 1;
	classes = {
	};
	objectVersion = 56;
	objects = {

/* Begin PBXBuildFile section */
		BD7E7DF02C25E75B0092F08C /* About_Me_AppApp.swift in Sources */ = {isa = PBXBuildFile; fileRef = BD7E7DEF2C25E75B0092F08C /* About_Me_AppApp.swift */; };
		BD7E7DF22C25E75B0092F08C /* ContentView.swift in Sources */ = {isa = PBXBuildFile; fileRef = BD7E7DF12C25E75B0092F08C /* ContentView.swift */; };
		BD7E7DF42C25E75C0092F08C /* Assets.xcassets in Resources */ = {isa = PBXBuildFile; fileRef = BD7E7DF32C25E75C0092F08C /* Assets.xcassets */; };
		BD7E7DF72C25E75C0092F08C /* Preview Assets.xcassets in Resources */ = {isa = PBXBuildFile; fileRef = BD7E7DF62C25E75C0092F08C /* Preview Assets.xcassets */; };
		BD7E7E012C25E75C0092F08C /* About_Me_AppTests.swift in Sources */ = {isa = PBXBuildFile; fileRef = BD7E7E002C25E75C0092F08C /* About_Me_AppTests.swift */; };
		BD7E7E0B2C25E75C0092F08C /* About_Me_AppUITests.swift in Sources */ = {isa = PBXBuildFile; fileRef = BD7E7E0A2C25E75C0092F08C /* About_Me_AppUITests.swift */; };
		BD7E7E0D2C25E75C0092F08C /* About_Me_AppUITestsLaunchTests.swift in Sources */ = {isa = PBXBuildFile; fileRef = BD7E7E0C2C25E75C0092F08C /* About_Me_AppUITestsLaunchTests.swift */; };
/* End PBXBuildFile section */

/* Begin PBXContainerItemProxy section */
		BD7E7DFD2C25E75C0092F08C /* PBXContainerItemProxy */ = {
			isa = PBXContainerItemProxy;
			containerPortal = BD7E7DE42C25E75B0092F08C /* Project object */;
			proxyType = 1;
			remoteGlobalIDString = BD7E7DEB2C25E75B0092F08C;
			remoteInfo = About_Me_App;
		};
		BD7E7E072C25E75C0092F08C /* PBXContainerItemProxy */ = {
			isa = PBXContainerItemProxy;
			containerPortal = BD7E7DE42C25E75B0092F08C /* Project object */;
			proxyType = 1;
			remoteGlobalIDString = BD7E7DEB2C25E75B0092F08C;
			remoteInfo = About_Me_App;
		};
/* End PBXContainerItemProxy section */

/* Begin PBXFileReference section */
		BD7E7DEC2C25E75B0092F08C /* About_Me_App.app */ = {isa = PBXFileReference; explicitFileType = wrapper.application; includeInIndex = 0; path = About_Me_App.app; sourceTree = BUILT_PRODUCTS_DIR; };
		BD7E7DEF2C25E75B0092F08C /* About_Me_AppApp.swift */ = {isa = PBXFileReference; lastKnownFileType = sourcecode.swift; path = About_Me_AppApp.swift; sourceTree = "<group>"; };
		BD7E7DF12C25E75B0092F08C /* ContentView.swift */ = {isa = PBXFileReference; lastKnownFileType = sourcecode.swift; path = ContentView.swift; sourceTree = "<group>"; };
		BD7E7DF32C25E75C0092F08C /* Assets.xcassets */ = {isa = PBXFileReference; lastKnownFileType = folder.assetcatalog; path = Assets.xcassets; sourceTree = "<group>"; };
		BD7E7DF62C25E75C0092F08C /* Preview Assets.xcassets */ = {isa = PBXFileReference; lastKnownFileType = folder.assetcatalog; path = "Preview Assets.xcassets"; sourceTree = "<group>"; };
		BD7E7DFC2C25E75C0092F08C /* About_Me_AppTests.xctest */ = {isa = PBXFileReference; explicitFileType = wrapper.cfbundle; includeInIndex = 0; path = About_Me_AppTests.xctest; sourceTree = BUILT_PRODUCTS_DIR; };
		BD7E7E002C25E75C0092F08C /* About_Me_AppTests.swift */ = {isa = PBXFileReference; lastKnownFileType = sourcecode.swift; path = About_Me_AppTests.swift; sourceTree = "<group>"; };
		BD7E7E062C25E75C0092F08C /* About_Me_AppUITests.xctest */ = {isa = PBXFileReference; explicitFileType = wrapper.cfbundle; includeInIndex = 0; path = About_Me_AppUITests.xctest; sourceTree = BUILT_PRODUCTS_DIR; };
		BD7E7E0A2C25E75C0092F08C /* About_Me_AppUITests.swift */ = {isa = PBXFileReference; lastKnownFileType = sourcecode.swift; path = About_Me_AppUITests.swift; sourceTree = "<group>"; };
		BD7E7E0C2C25E75C0092F08C /* About_Me_AppUITestsLaunchTests.swift */ = {isa = PBXFileReference; lastKnownFileType = sourcecode.swift; path = About_Me_AppUITestsLaunchTests.swift; sourceTree = "<group>"; };
/* End PBXFileReference section */

/* Begin PBXFrameworksBuildPhase section */
		BD7E7DE92C25E75B0092F08C /* Frameworks */ = {
			isa = PBXFrameworksBuildPhase;
			buildActionMask = 2147483647;
			files = (
			);
			runOnlyForDeploymentPostprocessing = 0;
		};
		BD7E7DF92C25E75C0092F08C /* Frameworks */ = {
			isa = PBXFrameworksBuildPhase;
			buildActionMask = 2147483647;
			files = (
			);
			runOnlyForDeploymentPostprocessing = 0;
		};
		BD7E7E032C25E75C0092F08C /* Frameworks */ = {
			isa = PBXFrameworksBuildPhase;
			buildActionMask = 2147483647;
			files = (
			);
			runOnlyForDeploymentPostprocessing = 0;
		};
/* End PBXFrameworksBuildPhase section */

/* Begin PBXGroup section */
		BD7E7DE32C25E75B0092F08C = {
			isa = PBXGroup;
			children = (
				BD7E7DEE2C25E75B0092F08C /* About_Me_App */,
				BD7E7DFF2C25E75C0092F08C /* About_Me_AppTests */,
				BD7E7E092C25E75C0092F08C /* About_Me_AppUITests */,
				BD7E7DED2C25E75B0092F08C /* Products */,
			);
			sourceTree = "<group>";
		};
		BD7E7DED2C25E75B0092F08C /* Products */ = {
			isa = PBXGroup;
			children = (
				BD7E7DEC2C25E75B0092F08C /* About_Me_App.app */,
				BD7E7DFC2C25E75C0092F08C /* About_Me_AppTests.xctest */,
				BD7E7E062C25E75C0092F08C /* About_Me_AppUITests.xctest */,
			);
			name = Products;
			sourceTree = "<group>";
		};
		BD7E7DEE2C25E75B0092F08C /* About_Me_App */ = {
			isa = PBXGroup;
			children = (
				BD7E7DEF2C25E75B0092F08C /* About_Me_AppApp.swift */,
				BD7E7DF12C25E75B0092F08C /* ContentView.swift */,
				BD7E7DF32C25E75C0092F08C /* Assets.xcassets */,
				BD7E7DF52C25E75C0092F08C /* Preview Content */,
			);
			path = About_Me_App;
			sourceTree = "<group>";
		};
		BD7E7DF52C25E75C0092F08C /* Preview Content */ = {
			isa = PBXGroup;
			children = (
				BD7E7DF62C25E75C0092F08C /* Preview Assets.xcassets */,
			);
			path = "Preview Content";
			sourceTree = "<group>";
		};
		BD7E7DFF2C25E75C0092F08C /* About_Me_AppTests */ = {
			isa = PBXGroup;
			children = (
				BD7E7E002C25E75C0092F08C /* About_Me_AppTests.swift */,
			);
			path = About_Me_AppTests;
			sourceTree = "<group>";
		};
		BD7E7E092C25E75C0092F08C /* About_Me_AppUITests */ = {
			isa = PBXGroup;
			children = (
				BD7E7E0A2C25E75C0092F08C /* About_Me_AppUITests.swift */,
				BD7E7E0C2C25E75C0092F08C /* About_Me_AppUITestsLaunchTests.swift */,
			);
			path = About_Me_AppUITests;
			sourceTree = "<group>";
		};
/* End PBXGroup section */

/* Begin PBXNativeTarget section */
		BD7E7DEB2C25E75B0092F08C /* About_Me_App */ = {
			isa = PBXNativeTarget;
			buildConfigurationList = BD7E7E102C25E75C0092F08C /* Build configuration list for PBXNativeTarget "About_Me_App" */;
			buildPhases = (
				BD7E7DE82C25E75B0092F08C /* Sources */,
				BD7E7DE92C25E75B0092F08C /* Frameworks */,
				BD7E7DEA2C25E75B0092F08C /* Resources */,
			);
			buildRules = (
			);
			dependencies = (
			);
			name = About_Me_App;
			productName = About_Me_App;
			productReference = BD7E7DEC2C25E75B0092F08C /* About_Me_App.app */;
			productType = "com.apple.product-type.application";
		};
		BD7E7DFB2C25E75C0092F08C /* About_Me_AppTests */ = {
			isa = PBXNativeTarget;
			buildConfigurationList = BD7E7E132C25E75C0092F08C /* Build configuration list for PBXNativeTarget "About_Me_AppTests" */;
			buildPhases = (
				BD7E7DF82C25E75C0092F08C /* Sources */,
				BD7E7DF92C25E75C0092F08C /* Frameworks */,
				BD7E7DFA2C25E75C0092F08C /* Resources */,
			);
			buildRules = (
			);
			dependencies = (
				BD7E7DFE2C25E75C0092F08C /* PBXTargetDependency */,
			);
			name = About_Me_AppTests;
			productName = About_Me_AppTests;
			productReference = BD7E7DFC2C25E75C0092F08C /* About_Me_AppTests.xctest */;
			productType = "com.apple.product-type.bundle.unit-test";
		};
		BD7E7E052C25E75C0092F08C /* About_Me_AppUITests */ = {
			isa = PBXNativeTarget;
			buildConfigurationList = BD7E7E162C25E75C0092F08C /* Build configuration list for PBXNativeTarget "About_Me_AppUITests" */;
			buildPhases = (
				BD7E7E022C25E75C0092F08C /* Sources */,
				BD7E7E032C25E75C0092F08C /* Frameworks */,
				BD7E7E042C25E75C0092F08C /* Resources */,
			);
			buildRules = (
			);
			dependencies = (
				BD7E7E082C25E75C0092F08C /* PBXTargetDependency */,
			);
			name = About_Me_AppUITests;
			productName = About_Me_AppUITests;
			productReference = BD7E7E062C25E75C0092F08C /* About_Me_AppUITests.xctest */;
			productType = "com.apple.product-type.bundle.ui-testing";
		};
/* End PBXNativeTarget section */

/* Begin PBXProject section */
		BD7E7DE42C25E75B0092F08C /* Project object */ = {
			isa = PBXProject;
			attributes = {
				BuildIndependentTargetsInParallel = 1;
				LastSwiftUpdateCheck = 1540;
				LastUpgradeCheck = 1540;
				TargetAttributes = {
					BD7E7DEB2C25E75B0092F08C = {
						CreatedOnToolsVersion = 15.4;
					};
					BD7E7DFB2C25E75C0092F08C = {
						CreatedOnToolsVersion = 15.4;
						TestTargetID = BD7E7DEB2C25E75B0092F08C;
					};
					BD7E7E052C25E75C0092F08C = {
						CreatedOnToolsVersion = 15.4;
						TestTargetID = BD7E7DEB2C25E75B0092F08C;
					};
				};
			};
			buildConfigurationList = BD7E7DE72C25E75B0092F08C /* Build configuration list for PBXProject "About_Me_App" */;
			compatibilityVersion = "Xcode 14.0";
			developmentRegion = en;
			hasScannedForEncodings = 0;
			knownRegions = (
				en,
				Base,
			);
			mainGroup = BD7E7DE32C25E75B0092F08C;
			productRefGroup = BD7E7DED2C25E75B0092F08C /* Products */;
			projectDirPath = "";
			projectRoot = "";
			targets = (
				BD7E7DEB2C25E75B0092F08C /* About_Me_App */,
				BD7E7DFB2C25E75C0092F08C /* About_Me_AppTests */,
				BD7E7E052C25E75C0092F08C /* About_Me_AppUITests */,
			);
		};
/* End PBXProject section */

/* Begin PBXResourcesBuildPhase section */
		BD7E7DEA2C25E75B0092F08C /* Resources */ = {
			isa = PBXResourcesBuildPhase;
			buildActionMask = 2147483647;
			files = (
				BD7E7DF72C25E75C0092F08C /* Preview Assets.xcassets in Resources */,
				BD7E7DF42C25E75C0092F08C /* Assets.xcassets in Resources */,
			);
			runOnlyForDeploymentPostprocessing = 0;
		};
		BD7E7DFA2C25E75C0092F08C /* Resources */ = {
			isa = PBXResourcesBuildPhase;
			buildActionMask = 2147483647;
			files = (
			);
			runOnlyForDeploymentPostprocessing = 0;
		};
		BD7E7E042C25E75C0092F08C /* Resources */ = {
			isa = PBXResourcesBuildPhase;
			buildActionMask = 2147483647;
			files = (
			);
			runOnlyForDeploymentPostprocessing = 0;
		};
/* End PBXResourcesBuildPhase section */

/* Begin PBXSourcesBuildPhase section */
		BD7E7DE82C25E75B0092F08C /* Sources */ = {
			isa = PBXSourcesBuildPhase;
			buildActionMask = 2147483647;
			files = (
				BD7E7DF22C25E75B0092F08C /* ContentView.swift in Sources */,
				BD7E7DF02C25E75B0092F08C /* About_Me_AppApp.swift in Sources */,
			);
			runOnlyForDeploymentPostprocessing = 0;
		};
		BD7E7DF82C25E75C0092F08C /* Sources */ = {
			isa = PBXSourcesBuildPhase;
			buildActionMask = 2147483647;
			files = (
				BD7E7E012C25E75C0092F08C /* About_Me_AppTests.swift in Sources */,
			);
			runOnlyForDeploymentPostprocessing = 0;
		};
		BD7E7E022C25E75C0092F08C /* Sources */ = {
			isa = PBXSourcesBuildPhase;
			buildActionMask = 2147483647;
			files = (
				BD7E7E0D2C25E75C0092F08C /* About_Me_AppUITestsLaunchTests.swift in Sources */,
				BD7E7E0B2C25E75C0092F08C /* About_Me_AppUITests.swift in Sources */,
			);
			runOnlyForDeploymentPostprocessing = 0;
		};
/* End PBXSourcesBuildPhase section */

/* Begin PBXTargetDependency section */
		BD7E7DFE2C25E75C0092F08C /* PBXTargetDependency */ = {
			isa = PBXTargetDependency;
			target = BD7E7DEB2C25E75B0092F08C /* About_Me_App */;
			targetProxy = BD7E7DFD2C25E75C0092F08C /* PBXContainerItemProxy */;
		};
		BD7E7E082C25E75C0092F08C /* PBXTargetDependency */ = {
			isa = PBXTargetDependency;
			target = BD7E7DEB2C25E75B0092F08C /* About_Me_App */;
			targetProxy = BD7E7E072C25E75C0092F08C /* PBXContainerItemProxy */;
		};
/* End PBXTargetDependency section */

/* Begin XCBuildConfiguration section */
		BD7E7E0E2C25E75C0092F08C /* Debug */ = {
			isa = XCBuildConfiguration;
			buildSettings = {
				ALWAYS_SEARCH_USER_PATHS = NO;
				ASSETCATALOG_COMPILER_GENERATE_SWIFT_ASSET_SYMBOL_EXTENSIONS = YES;
				CLANG_ANALYZER_NONNULL = YES;
				CLANG_ANALYZER_NUMBER_OBJECT_CONVERSION = YES_AGGRESSIVE;
				CLANG_CXX_LANGUAGE_STANDARD = "gnu++20";
				CLANG_ENABLE_MODULES = YES;
				CLANG_ENABLE_OBJC_ARC = YES;
				CLANG_ENABLE_OBJC_WEAK = YES;
				CLANG_WARN_BLOCK_CAPTURE_AUTORELEASING = YES;
				CLANG_WARN_BOOL_CONVERSION = YES;
				CLANG_WARN_COMMA = YES;
				CLANG_WARN_CONSTANT_CONVERSION = YES;
				CLANG_WARN_DEPRECATED_OBJC_IMPLEMENTATIONS = YES;
				CLANG_WARN_DIRECT_OBJC_ISA_USAGE = YES_ERROR;
				CLANG_WARN_DOCUMENTATION_COMMENTS = YES;
				CLANG_WARN_EMPTY_BODY = YES;
				CLANG_WARN_ENUM_CONVERSION = YES;
				CLANG_WARN_INFINITE_RECURSION = YES;
				CLANG_WARN_INT_CONVERSION = YES;
				CLANG_WARN_NON_LITERAL_NULL_CONVERSION = YES;
				CLANG_WARN_OBJC_IMPLICIT_RETAIN_SELF = YES;
				CLANG_WARN_OBJC_LITERAL_CONVERSION = YES;
				CLANG_WARN_OBJC_ROOT_CLASS = YES_ERROR;
				CLANG_WARN_QUOTED_INCLUDE_IN_FRAMEWORK_HEADER = YES;
				CLANG_WARN_RANGE_LOOP_ANALYSIS = YES;
				CLANG_WARN_STRICT_PROTOTYPES = YES;
				CLANG_WARN_SUSPICIOUS_MOVE = YES;
				CLANG_WARN_UNGUARDED_AVAILABILITY = YES_AGGRESSIVE;
				CLANG_WARN_UNREACHABLE_CODE = YES;
				CLANG_WARN__DUPLICATE_METHOD_MATCH = YES;
				COPY_PHASE_STRIP = NO;
				DEBUG_INFORMATION_FORMAT = dwarf;
				ENABLE_STRICT_OBJC_MSGSEND = YES;
				ENABLE_TESTABILITY = YES;
				ENABLE_USER_SCRIPT_SANDBOXING = YES;
				GCC_C_LANGUAGE_STANDARD = gnu17;
				GCC_DYNAMIC_NO_PIC = NO;
				GCC_NO_COMMON_BLOCKS = YES;
				GCC_OPTIMIZATION_LEVEL = 0;
				GCC_PREPROCESSOR_DEFINITIONS = (
					"DEBUG=1",
					"$(inherited)",
				);
				GCC_WARN_64_TO_32_BIT_CONVERSION = YES;
				GCC_WARN_ABOUT_RETURN_TYPE = YES_ERROR;
				GCC_WARN_UNDECLARED_SELECTOR = YES;
				GCC_WARN_UNINITIALIZED_AUTOS = YES_AGGRESSIVE;
				GCC_WARN_UNUSED_FUNCTION = YES;
				GCC_WARN_UNUSED_VARIABLE = YES;
				IPHONEOS_DEPLOYMENT_TARGET = 17.5;
				LOCALIZATION_PREFERS_STRING_CATALOGS = YES;
				MTL_ENABLE_DEBUG_INFO = INCLUDE_SOURCE;
				MTL_FAST_MATH = YES;
				ONLY_ACTIVE_ARCH = YES;
				SDKROOT = iphoneos;
				SWIFT_ACTIVE_COMPILATION_CONDITIONS = "DEBUG $(inherited)";
				SWIFT_OPTIMIZATION_LEVEL = "-Onone";
			};
			name = Debug;
		};
		BD7E7E0F2C25E75C0092F08C /* Release */ = {
			isa = XCBuildConfiguration;
			buildSettings = {
				ALWAYS_SEARCH_USER_PATHS = NO;
				ASSETCATALOG_COMPILER_GENERATE_SWIFT_ASSET_SYMBOL_EXTENSIONS = YES;
				CLANG_ANALYZER_NONNULL = YES;
				CLANG_ANALYZER_NUMBER_OBJECT_CONVERSION = YES_AGGRESSIVE;
				CLANG_CXX_LANGUAGE_STANDARD = "gnu++20";
				CLANG_ENABLE_MODULES = YES;
				CLANG_ENABLE_OBJC_ARC = YES;
				CLANG_ENABLE_OBJC_WEAK = YES;
				CLANG_WARN_BLOCK_CAPTURE_AUTORELEASING = YES;
				CLANG_WARN_BOOL_CONVERSION = YES;
				CLANG_WARN_COMMA = YES;
				CLANG_WARN_CONSTANT_CONVERSION = YES;
				CLANG_WARN_DEPRECATED_OBJC_IMPLEMENTATIONS = YES;
				CLANG_WARN_DIRECT_OBJC_ISA_USAGE = YES_ERROR;
				CLANG_WARN_DOCUMENTATION_COMMENTS = YES;
				CLANG_WARN_EMPTY_BODY = YES;
				CLANG_WARN_ENUM_CONVERSION = YES;
				CLANG_WARN_INFINITE_RECURSION = YES;
				CLANG_WARN_INT_CONVERSION = YES;
				CLANG_WARN_NON_LITERAL_NULL_CONVERSION = YES;
				CLANG_WARN_OBJC_IMPLICIT_RETAIN_SELF = YES;
				CLANG_WARN_OBJC_LITERAL_CONVERSION = YES;
				CLANG_WARN_OBJC_ROOT_CLASS = YES_ERROR;
				CLANG_WARN_QUOTED_INCLUDE_IN_FRAMEWORK_HEADER = YES;
				CLANG_WARN_RANGE_LOOP_ANALYSIS = YES;
				CLANG_WARN_STRICT_PROTOTYPES = YES;
				CLANG_WARN_SUSPICIOUS_MOVE = YES;
				CLANG_WARN_UNGUARDED_AVAILABILITY = YES_AGGRESSIVE;
				CLANG_WARN_UNREACHABLE_CODE = YES;
				CLANG_WARN__DUPLICATE_METHOD_MATCH = YES;
				COPY_PHASE_STRIP = NO;
				DEBUG_INFORMATION_FORMAT = "dwarf-with-dsym";
				ENABLE_NS_ASSERTIONS = NO;
				ENABLE_STRICT_OBJC_MSGSEND = YES;
				ENABLE_USER_SCRIPT_SANDBOXING = YES;
				GCC_C_LANGUAGE_STANDARD = gnu17;
				GCC_NO_COMMON_BLOCKS = YES;
				GCC_WARN_64_TO_32_BIT_CONVERSION = YES;
				GCC_WARN_ABOUT_RETURN_TYPE = YES_ERROR;
				GCC_WARN_UNDECLARED_SELECTOR = YES;
				GCC_WARN_UNINITIALIZED_AUTOS = YES_AGGRESSIVE;
				GCC_WARN_UNUSED_FUNCTION = YES;
				GCC_WARN_UNUSED_VARIABLE = YES;
				IPHONEOS_DEPLOYMENT_TARGET = 17.5;
				LOCALIZATION_PREFERS_STRING_CATALOGS = YES;
				MTL_ENABLE_DEBUG_INFO = NO;
				MTL_FAST_MATH = YES;
				SDKROOT = iphoneos;
				SWIFT_COMPILATION_MODE = wholemodule;
				VALIDATE_PRODUCT = YES;
			};
			name = Release;
		};
		BD7E7E112C25E75C0092F08C /* Debug */ = {
			isa = XCBuildConfiguration;
			buildSettings = {
				ASSETCATALOG_COMPILER_APPICON_NAME = AppIcon;
				ASSETCATALOG_COMPILER_GLOBAL_ACCENT_COLOR_NAME = AccentColor;
				CODE_SIGN_STYLE = Automatic;
				CURRENT_PROJECT_VERSION = 1;
				DEVELOPMENT_ASSET_PATHS = "\"About_Me_App/Preview Content\"";
				ENABLE_PREVIEWS = YES;
				GENERATE_INFOPLIST_FILE = YES;
				INFOPLIST_KEY_UIApplicationSceneManifest_Generation = YES;
				INFOPLIST_KEY_UIApplicationSupportsIndirectInputEvents = YES;
				INFOPLIST_KEY_UILaunchScreen_Generation = YES;
				INFOPLIST_KEY_UISupportedInterfaceOrientations_iPad = "UIInterfaceOrientationPortrait UIInterfaceOrientationPortraitUpsideDown UIInterfaceOrientationLandscapeLeft UIInterfaceOrientationLandscapeRight";
				INFOPLIST_KEY_UISupportedInterfaceOrientations_iPhone = "UIInterfaceOrientationPortrait UIInterfaceOrientationLandscapeLeft UIInterfaceOrientationLandscapeRight";
				LD_RUNPATH_SEARCH_PATHS = (
					"$(inherited)",
					"@executable_path/Frameworks",
				);
				MARKETING_VERSION = 1.0;
				PRODUCT_BUNDLE_IDENTIFIER = "kwk.About-Me-App";
				PRODUCT_NAME = "$(TARGET_NAME)";
				SWIFT_EMIT_LOC_STRINGS = YES;
				SWIFT_VERSION = 5.0;
				TARGETED_DEVICE_FAMILY = "1,2";
			};
			name = Debug;
		};
		BD7E7E122C25E75C0092F08C /* Release */ = {
			isa = XCBuildConfiguration;
			buildSettings = {
				ASSETCATALOG_COMPILER_APPICON_NAME = AppIcon;
				ASSETCATALOG_COMPILER_GLOBAL_ACCENT_COLOR_NAME = AccentColor;
				CODE_SIGN_STYLE = Automatic;
				CURRENT_PROJECT_VERSION = 1;
				DEVELOPMENT_ASSET_PATHS = "\"About_Me_App/Preview Content\"";
				ENABLE_PREVIEWS = YES;
				GENERATE_INFOPLIST_FILE = YES;
				INFOPLIST_KEY_UIApplicationSceneManifest_Generation = YES;
				INFOPLIST_KEY_UIApplicationSupportsIndirectInputEvents = YES;
				INFOPLIST_KEY_UILaunchScreen_Generation = YES;
				INFOPLIST_KEY_UISupportedInterfaceOrientations_iPad = "UIInterfaceOrientationPortrait UIInterfaceOrientationPortraitUpsideDown UIInterfaceOrientationLandscapeLeft UIInterfaceOrientationLandscapeRight";
				INFOPLIST_KEY_UISupportedInterfaceOrientations_iPhone = "UIInterfaceOrientationPortrait UIInterfaceOrientationLandscapeLeft UIInterfaceOrientationLandscapeRight";
				LD_RUNPATH_SEARCH_PATHS = (
					"$(inherited)",
					"@executable_path/Frameworks",
				);
				MARKETING_VERSION = 1.0;
				PRODUCT_BUNDLE_IDENTIFIER = "kwk.About-Me-App";
				PRODUCT_NAME = "$(TARGET_NAME)";
				SWIFT_EMIT_LOC_STRINGS = YES;
				SWIFT_VERSION = 5.0;
				TARGETED_DEVICE_FAMILY = "1,2";
			};
			name = Release;
		};
		BD7E7E142C25E75C0092F08C /* Debug */ = {
			isa = XCBuildConfiguration;
			buildSettings = {
				ALWAYS_EMBED_SWIFT_STANDARD_LIBRARIES = YES;
				BUNDLE_LOADER = "$(TEST_HOST)";
				CODE_SIGN_STYLE = Automatic;
				CURRENT_PROJECT_VERSION = 1;
				GENERATE_INFOPLIST_FILE = YES;
				IPHONEOS_DEPLOYMENT_TARGET = 17.5;
				MARKETING_VERSION = 1.0;
				PRODUCT_BUNDLE_IDENTIFIER = "kwk.About-Me-AppTests";
				PRODUCT_NAME = "$(TARGET_NAME)";
				SWIFT_EMIT_LOC_STRINGS = NO;
				SWIFT_VERSION = 5.0;
				TARGETED_DEVICE_FAMILY = "1,2";
				TEST_HOST = "$(BUILT_PRODUCTS_DIR)/About_Me_App.app/$(BUNDLE_EXECUTABLE_FOLDER_PATH)/About_Me_App";
			};
			name = Debug;
		};
		BD7E7E152C25E75C0092F08C /* Release */ = {
			isa = XCBuildConfiguration;
			buildSettings = {
				ALWAYS_EMBED_SWIFT_STANDARD_LIBRARIES = YES;
				BUNDLE_LOADER = "$(TEST_HOST)";
				CODE_SIGN_STYLE = Automatic;
				CURRENT_PROJECT_VERSION = 1;
				GENERATE_INFOPLIST_FILE = YES;
				IPHONEOS_DEPLOYMENT_TARGET = 17.5;
				MARKETING_VERSION = 1.0;
				PRODUCT_BUNDLE_IDENTIFIER = "kwk.About-Me-AppTests";
				PRODUCT_NAME = "$(TARGET_NAME)";
				SWIFT_EMIT_LOC_STRINGS = NO;
				SWIFT_VERSION = 5.0;
				TARGETED_DEVICE_FAMILY = "1,2";
				TEST_HOST = "$(BUILT_PRODUCTS_DIR)/About_Me_App.app/$(BUNDLE_EXECUTABLE_FOLDER_PATH)/About_Me_App";
			};
			name = Release;
		};
		BD7E7E172C25E75C0092F08C /* Debug */ = {
			isa = XCBuildConfiguration;
			buildSettings = {
				ALWAYS_EMBED_SWIFT_STANDARD_LIBRARIES = YES;
				CODE_SIGN_STYLE = Automatic;
				CURRENT_PROJECT_VERSION = 1;
				GENERATE_INFOPLIST_FILE = YES;
				MARKETING_VERSION = 1.0;
				PRODUCT_BUNDLE_IDENTIFIER = "kwk.About-Me-AppUITests";
				PRODUCT_NAME = "$(TARGET_NAME)";
				SWIFT_EMIT_LOC_STRINGS = NO;
				SWIFT_VERSION = 5.0;
				TARGETED_DEVICE_FAMILY = "1,2";
				TEST_TARGET_NAME = About_Me_App;
			};
			name = Debug;
		};
		BD7E7E182C25E75C0092F08C /* Release */ = {
			isa = XCBuildConfiguration;
			buildSettings = {
				ALWAYS_EMBED_SWIFT_STANDARD_LIBRARIES = YES;
				CODE_SIGN_STYLE = Automatic;
				CURRENT_PROJECT_VERSION = 1;
				GENERATE_INFOPLIST_FILE = YES;
				MARKETING_VERSION = 1.0;
				PRODUCT_BUNDLE_IDENTIFIER = "kwk.About-Me-AppUITests";
				PRODUCT_NAME = "$(TARGET_NAME)";
				SWIFT_EMIT_LOC_STRINGS = NO;
				SWIFT_VERSION = 5.0;
				TARGETED_DEVICE_FAMILY = "1,2";
				TEST_TARGET_NAME = About_Me_App;
			};
			name = Release;
		};
/* End XCBuildConfiguration section */

/* Begin XCConfigurationList section */
		BD7E7DE72C25E75B0092F08C /* Build configuration list for PBXProject "About_Me_App" */ = {
			isa = XCConfigurationList;
			buildConfigurations = (
				BD7E7E0E2C25E75C0092F08C /* Debug */,
				BD7E7E0F2C25E75C0092F08C /* Release */,
			);
			defaultConfigurationIsVisible = 0;
			defaultConfigurationName = Release;
		};
		BD7E7E102C25E75C0092F08C /* Build configuration list for PBXNativeTarget "About_Me_App" */ = {
			isa = XCConfigurationList;
			buildConfigurations = (
				BD7E7E112C25E75C0092F08C /* Debug */,
				BD7E7E122C25E75C0092F08C /* Release */,
			);
			defaultConfigurationIsVisible = 0;
			defaultConfigurationName = Release;
		};
		BD7E7E132C25E75C0092F08C /* Build configuration list for PBXNativeTarget "About_Me_AppTests" */ = {
			isa = XCConfigurationList;
			buildConfigurations = (
				BD7E7E142C25E75C0092F08C /* Debug */,
				BD7E7E152C25E75C0092F08C /* Release */,
			);
			defaultConfigurationIsVisible = 0;
			defaultConfigurationName = Release;
		};
		BD7E7E162C25E75C0092F08C /* Build configuration list for PBXNativeTarget "About_Me_AppUITests" */ = {
			isa = XCConfigurationList;
			buildConfigurations = (
				BD7E7E172C25E75C0092F08C /* Debug */,
				BD7E7E182C25E75C0092F08C /* Release */,
			);
			defaultConfigurationIsVisible = 0;
			defaultConfigurationName = Release;
		};
/* End XCConfigurationList section */
	};
	rootObject = BD7E7DE42C25E75B0092F08C /* Project object */;
}
